<?xml version="1.0" encoding="utf-8"?>
<Project ToolsVersion="4.0" xmlns="http://schemas.microsoft.com/developer/msbuild/2003">
  <ItemGroup>
    <Filter Include="Source Files">
      <UniqueIdentifier>{4FC737F1-C7A5-4376-A066-2A32D752A2FF}</UniqueIdentifier>
      <Extensions>cpp;c;cc;cxx;def;odl;idl;hpj;bat;asm;asmx</Extensions>
    </Filter>
    <Filter Include="Header Files">
      <UniqueIdentifier>{93995380-89BD-4b04-88EB-625FBE52EBFB}</UniqueIdentifier>
      <Extensions>h;hh;hpp;hxx;hm;inl;inc;xsd</Extensions>
    </Filter>
    <Filter Include="Resource Files">
      <UniqueIdentifier>{67DA6AB6-F800-4c08-8B7A-83BB121AAD01}</UniqueIdentifier>
      <Extensions>rc;ico;cur;bmp;dlg;rc2;rct;bin;rgs;gif;jpg;jpeg;jpe;resx;tiff;tif;png;wav;mfcribbon-ms</Extensions>
    </Filter>
    <Filter Include="Header Files\jpeglib">
      <UniqueIdentifier>{90a38638-0450-4d8c-b8a4-b0375a7df658}</UniqueIdentifier>
    </Filter>
    <Filter Include="Header Files\tifflib">
      <UniqueIdentifier>{5aff6953-4d34-40fd-a3c5-aaf9f205fb7c}</UniqueIdentifier>
    </Filter>
    <Filter Include="Header Files\helper">
      <UniqueIdentifier>{38e952f9-de3a-4b43-9cbc-fe41100448d9}</UniqueIdentifier>
    </Filter>
    <Filter Include="Source Files\helper">
      <UniqueIdentifier>{685e1a10-2a64-4b69-b433-f760630fef3f}</UniqueIdentifier>
    </Filter>
    <Filter Include="Header Files\Filter">
      <UniqueIdentifier>{0ee36602-0223-47a0-86b9-ec88d17f27c7}</UniqueIdentifier>
    </Filter>
    <Filter Include="Source Files\Filter">
      <UniqueIdentifier>{371ad6ef-3dfe-4dfd-8673-236deda4dc23}</UniqueIdentifier>
    </Filter>
    <Filter Include="Header Files\Log">
      <UniqueIdentifier>{c1ee0b37-3e35-4bef-9546-6a1463b6ddfc}</UniqueIdentifier>
    </Filter>
    <Filter Include="Source Files\Log">
      <UniqueIdentifier>{97925c36-fb60-4fd8-b10e-c48642dc8e50}</UniqueIdentifier>
    </Filter>
    <Filter Include="Header Files\Image">
      <UniqueIdentifier>{32d6402e-08be-4b03-a769-49c1f67d60c8}</UniqueIdentifier>
    </Filter>
    <Filter Include="Source Files\Image">
      <UniqueIdentifier>{75935250-897c-45af-ac67-fa195e242595}</UniqueIdentifier>
    </Filter>
    <Filter Include="Header Files\OpenGL">
      <UniqueIdentifier>{e02a5725-fb8e-46f0-b022-e90a4d021c09}</UniqueIdentifier>
    </Filter>
    <Filter Include="Source Files\OpenGL">
      <UniqueIdentifier>{37d62a2d-5db0-4ef9-ac8d-4078eba98eef}</UniqueIdentifier>
    </Filter>
  </ItemGroup>
  <ItemGroup>
    <Text Include="ReadMe.txt" />
  </ItemGroup>
  <ItemGroup>
    <ClInclude Include="TiffEdit.h">
      <Filter>Header Files</Filter>
    </ClInclude>
    <ClInclude Include="stdafx.h">
      <Filter>Header Files</Filter>
    </ClInclude>
    <ClInclude Include="targetver.h">
      <Filter>Header Files</Filter>
    </ClInclude>
    <ClInclude Include="MainFrm.h">
      <Filter>Header Files</Filter>
    </ClInclude>
    <ClInclude Include="ChildFrm.h">
      <Filter>Header Files</Filter>
    </ClInclude>
    <ClInclude Include="TiffEditDoc.h">
      <Filter>Header Files</Filter>
    </ClInclude>
    <ClInclude Include="TiffEditView.h">
      <Filter>Header Files</Filter>
    </ClInclude>
    <ClInclude Include="Resource.h">
      <Filter>Header Files</Filter>
    </ClInclude>
    <ClInclude Include="FileView.h">
      <Filter>Header Files</Filter>
    </ClInclude>
    <ClInclude Include="ClassView.h">
      <Filter>Header Files</Filter>
    </ClInclude>
    <ClInclude Include="ViewTree.h">
      <Filter>Header Files</Filter>
    </ClInclude>
    <ClInclude Include="OutputWnd.h">
      <Filter>Header Files</Filter>
    </ClInclude>
    <ClInclude Include="PropertiesWnd.h">
      <Filter>Header Files</Filter>
    </ClInclude>
    <ClInclude Include="CalendarBar.h">
      <Filter>Header Files</Filter>
    </ClInclude>
    <ClInclude Include="..\lib\jpg9a\include\cderror.h">
      <Filter>Header Files\jpeglib</Filter>
    </ClInclude>
    <ClInclude Include="..\lib\jpg9a\include\cdjpeg.h">
      <Filter>Header Files\jpeglib</Filter>
    </ClInclude>
    <ClInclude Include="..\lib\jpg9a\include\jconfig.h">
      <Filter>Header Files\jpeglib</Filter>
    </ClInclude>
    <ClInclude Include="..\lib\jpg9a\include\jdct.h">
      <Filter>Header Files\jpeglib</Filter>
    </ClInclude>
    <ClInclude Include="..\lib\jpg9a\include\jerror.h">
      <Filter>Header Files\jpeglib</Filter>
    </ClInclude>
    <ClInclude Include="..\lib\jpg9a\include\jinclude.h">
      <Filter>Header Files\jpeglib</Filter>
    </ClInclude>
    <ClInclude Include="..\lib\jpg9a\include\jmemsys.h">
      <Filter>Header Files\jpeglib</Filter>
    </ClInclude>
    <ClInclude Include="..\lib\jpg9a\include\jmorecfg.h">
      <Filter>Header Files\jpeglib</Filter>
    </ClInclude>
    <ClInclude Include="..\lib\jpg9a\include\jpegint.h">
      <Filter>Header Files\jpeglib</Filter>
    </ClInclude>
    <ClInclude Include="..\lib\jpg9a\include\jpeglib.h">
      <Filter>Header Files\jpeglib</Filter>
    </ClInclude>
    <ClInclude Include="..\lib\jpg9a\include\jversion.h">
      <Filter>Header Files\jpeglib</Filter>
    </ClInclude>
    <ClInclude Include="..\lib\jpg9a\include\transupp.h">
      <Filter>Header Files\jpeglib</Filter>
    </ClInclude>
    <ClInclude Include="..\lib\tifflib\include\t4.h">
      <Filter>Header Files\tifflib</Filter>
    </ClInclude>
    <ClInclude Include="..\lib\tifflib\include\tif_config.h">
      <Filter>Header Files\tifflib</Filter>
    </ClInclude>
    <ClInclude Include="..\lib\tifflib\include\tif_config.vc.h">
      <Filter>Header Files\tifflib</Filter>
    </ClInclude>
    <ClInclude Include="..\lib\tifflib\include\tif_config.wince.h">
      <Filter>Header Files\tifflib</Filter>
    </ClInclude>
    <ClInclude Include="..\lib\tifflib\include\tif_dir.h">
      <Filter>Header Files\tifflib</Filter>
    </ClInclude>
    <ClInclude Include="..\lib\tifflib\include\tif_fax3.h">
      <Filter>Header Files\tifflib</Filter>
    </ClInclude>
    <ClInclude Include="..\lib\tifflib\include\tif_predict.h">
      <Filter>Header Files\tifflib</Filter>
    </ClInclude>
    <ClInclude Include="..\lib\tifflib\include\tiff.h">
      <Filter>Header Files\tifflib</Filter>
    </ClInclude>
    <ClInclude Include="..\lib\tifflib\include\tiffconf.h">
      <Filter>Header Files\tifflib</Filter>
    </ClInclude>
    <ClInclude Include="..\lib\tifflib\include\tiffconf.vc.h">
      <Filter>Header Files\tifflib</Filter>
    </ClInclude>
    <ClInclude Include="..\lib\tifflib\include\tiffconf.wince.h">
      <Filter>Header Files\tifflib</Filter>
    </ClInclude>
    <ClInclude Include="..\lib\tifflib\include\tiffio.h">
      <Filter>Header Files\tifflib</Filter>
    </ClInclude>
    <ClInclude Include="..\lib\tifflib\include\tiffiop.h">
      <Filter>Header Files\tifflib</Filter>
    </ClInclude>
    <ClInclude Include="..\lib\tifflib\include\tiffvers.h">
      <Filter>Header Files\tifflib</Filter>
    </ClInclude>
    <ClInclude Include="..\lib\tifflib\include\uvcode.h">
      <Filter>Header Files\tifflib</Filter>
    </ClInclude>
    <ClInclude Include="RectF.h">
      <Filter>Header Files\helper</Filter>
    </ClInclude>
    <ClInclude Include="PointF.h">
      <Filter>Header Files\helper</Filter>
    </ClInclude>
    <ClInclude Include="OpenGlDummyWnd.h">
      <Filter>Header Files\helper</Filter>
    </ClInclude>
    <ClInclude Include="InvertFilter.h">
      <Filter>Header Files\Filter</Filter>
    </ClInclude>
    <ClInclude Include="HistogramEqualizationFilter.h">
      <Filter>Header Files\Filter</Filter>
    </ClInclude>
    <ClInclude Include="GaussianFilter.h">
      <Filter>Header Files\Filter</Filter>
    </ClInclude>
    <ClInclude Include="OtsuThresholdFilter.h">
      <Filter>Header Files\Filter</Filter>
    </ClInclude>
    <ClInclude Include="DilationFilter.h">
      <Filter>Header Files\Filter</Filter>
    </ClInclude>
    <ClInclude Include="ErosionFilter.h">
      <Filter>Header Files\Filter</Filter>
    </ClInclude>
    <ClInclude Include="FilterBase.h">
      <Filter>Header Files\Filter</Filter>
    </ClInclude>
    <ClInclude Include="OpeningFilter.h">
      <Filter>Header Files\Filter</Filter>
    </ClInclude>
    <ClInclude Include="ClosingFilter.h">
      <Filter>Header Files\Filter</Filter>
    </ClInclude>
    <ClInclude Include="GreyscaleFilter.h">
      <Filter>Header Files\Filter</Filter>
    </ClInclude>
    <ClInclude Include="BinaryImageFilter.h">
      <Filter>Header Files\Filter</Filter>
    </ClInclude>
    <ClInclude Include="Histogram.h">
      <Filter>Header Files</Filter>
    </ClInclude>
    <ClInclude Include="FilterGroup.h">
      <Filter>Header Files\Filter</Filter>
    </ClInclude>
    <ClInclude Include="Log.h">
      <Filter>Header Files\Log</Filter>
    </ClInclude>
    <ClInclude Include="LogMessage.h">
      <Filter>Header Files\Log</Filter>
    </ClInclude>
    <ClInclude Include="LogWriter.h">
      <Filter>Header Files\Log</Filter>
    </ClInclude>
    <ClInclude Include="ScreenLogWriter.h">
      <Filter>Header Files\Log</Filter>
    </ClInclude>
    <ClInclude Include="ImageBase.h">
      <Filter>Header Files\Image</Filter>
    </ClInclude>
    <ClInclude Include="RawImage.h">
      <Filter>Header Files\Image</Filter>
    </ClInclude>
    <ClInclude Include="TiffImage.h">
      <Filter>Header Files\Image</Filter>
    </ClInclude>
    <ClInclude Include="ImageInfo.h">
      <Filter>Header Files\Image</Filter>
    </ClInclude>
    <ClInclude Include="OpenGLView.h">
      <Filter>Header Files\OpenGL</Filter>
    </ClInclude>
    <ClInclude Include="OpenGLWnd.h">
      <Filter>Header Files\OpenGL</Filter>
    </ClInclude>
    <ClInclude Include="OpenGlHelper.h">
      <Filter>Header Files\OpenGL</Filter>
    </ClInclude>
    <ClInclude Include="HistogramWnd.h">
      <Filter>Header Files</Filter>
    </ClInclude>
    <ClInclude Include="HistogramDockWnd.h">
      <Filter>Header Files</Filter>
    </ClInclude>
  </ItemGroup>
  <ItemGroup>
    <ClCompile Include="TiffEdit.cpp">
      <Filter>Source Files</Filter>
    </ClCompile>
    <ClCompile Include="stdafx.cpp">
      <Filter>Source Files</Filter>
    </ClCompile>
    <ClCompile Include="MainFrm.cpp">
      <Filter>Source Files</Filter>
    </ClCompile>
    <ClCompile Include="ChildFrm.cpp">
      <Filter>Source Files</Filter>
    </ClCompile>
    <ClCompile Include="TiffEditDoc.cpp">
      <Filter>Source Files</Filter>
    </ClCompile>
    <ClCompile Include="TiffEditView.cpp">
      <Filter>Source Files</Filter>
    </ClCompile>
    <ClCompile Include="FileView.cpp">
      <Filter>Source Files</Filter>
    </ClCompile>
    <ClCompile Include="ClassView.cpp">
      <Filter>Source Files</Filter>
    </ClCompile>
    <ClCompile Include="ViewTree.cpp">
      <Filter>Source Files</Filter>
    </ClCompile>
    <ClCompile Include="OutputWnd.cpp">
      <Filter>Source Files</Filter>
    </ClCompile>
    <ClCompile Include="PropertiesWnd.cpp">
      <Filter>Source Files</Filter>
    </ClCompile>
    <ClCompile Include="CalendarBar.cpp">
      <Filter>Source Files</Filter>
    </ClCompile>
    <ClCompile Include="PointF.cpp">
      <Filter>Source Files\helper</Filter>
    </ClCompile>
    <ClCompile Include="RectF.cpp">
      <Filter>Source Files\helper</Filter>
    </ClCompile>
    <ClCompile Include="OpenGlDummyWnd.cpp">
      <Filter>Source Files\helper</Filter>
    </ClCompile>
    <ClCompile Include="HistogramEqualizationFilter.cpp">
      <Filter>Source Files\Filter</Filter>
    </ClCompile>
    <ClCompile Include="InvertFilter.cpp">
      <Filter>Source Files\Filter</Filter>
    </ClCompile>
    <ClCompile Include="GaussianFilter.cpp">
      <Filter>Source Files\Filter</Filter>
    </ClCompile>
    <ClCompile Include="OtsuThresholdFilter.cpp">
      <Filter>Source Files\Filter</Filter>
    </ClCompile>
    <ClCompile Include="DilationFilter.cpp">
      <Filter>Source Files\Filter</Filter>
    </ClCompile>
    <ClCompile Include="ErosionFilter.cpp">
      <Filter>Source Files\Filter</Filter>
    </ClCompile>
    <ClCompile Include="FilterBase.cpp">
      <Filter>Source Files\Filter</Filter>
    </ClCompile>
    <ClCompile Include="ClosingFilter.cpp">
      <Filter>Source Files\Filter</Filter>
    </ClCompile>
    <ClCompile Include="OpeningFilter.cpp">
      <Filter>Source Files\Filter</Filter>
    </ClCompile>
    <ClCompile Include="BinaryImageFilter.cpp">
      <Filter>Source Files\Filter</Filter>
    </ClCompile>
    <ClCompile Include="GreyscaleFilter.cpp">
      <Filter>Source Files\Filter</Filter>
    </ClCompile>
    <ClCompile Include="Histogram.cpp">
      <Filter>Source Files</Filter>
    </ClCompile>
    <ClCompile Include="FilterGroup.cpp">
      <Filter>Source Files\Filter</Filter>
    </ClCompile>
    <ClCompile Include="Log.cpp">
      <Filter>Source Files\Log</Filter>
    </ClCompile>
    <ClCompile Include="LogMessage.cpp">
      <Filter>Source Files\Log</Filter>
    </ClCompile>
    <ClCompile Include="LogWriter.cpp">
      <Filter>Source Files\Log</Filter>
    </ClCompile>
    <ClCompile Include="ScreenLogWriter.cpp">
      <Filter>Source Files\Log</Filter>
    </ClCompile>
    <ClCompile Include="RawImage.cpp">
      <Filter>Source Files\Image</Filter>
    </ClCompile>
    <ClCompile Include="TiffImage.cpp">
      <Filter>Source Files\Image</Filter>
    </ClCompile>
    <ClCompile Include="ImageBase.cpp">
      <Filter>Source Files\Image</Filter>
    </ClCompile>
    <ClCompile Include="OpenGLView.cpp">
      <Filter>Source Files\OpenGL</Filter>
    </ClCompile>
    <ClCompile Include="OpenGLWnd.cpp">
      <Filter>Source Files\OpenGL</Filter>
    </ClCompile>
    <ClCompile Include="OpenGlHelper.cpp">
      <Filter>Source Files\OpenGL</Filter>
    </ClCompile>
    <ClCompile Include="HistogramWnd.cpp">
      <Filter>Source Files</Filter>
    </ClCompile>
    <ClCompile Include="HistogramDockWnd.cpp">
      <Filter>Source Files</Filter>
    </ClCompile>
  </ItemGroup>
  <ItemGroup>
    <Midl Include="TiffEdit.idl">
      <Filter>Source Files</Filter>
    </Midl>
  </ItemGroup>
  <ItemGroup>
    <None Include="TiffEdit.reg" />
    <None Include="res\ribbon.mfcribbon-ms">
      <Filter>Resource Files</Filter>
    </None>
    <None Include="res\TiffEdit.rc2">
      <Filter>Resource Files</Filter>
    </None>
  </ItemGroup>
  <ItemGroup>
    <ResourceCompile Include="TiffEdit.rc">
      <Filter>Resource Files</Filter>
    </ResourceCompile>
  </ItemGroup>
  <ItemGroup>
    <Image Include="res\file_view.ico">
      <Filter>Resource Files</Filter>
    </Image>
    <Image Include="res\file_view_hc.ico">
      <Filter>Resource Files</Filter>
    </Image>
    <Image Include="res\class_view.ico">
      <Filter>Resource Files</Filter>
    </Image>
    <Image Include="res\class_view_hc.ico">
      <Filter>Resource Files</Filter>
    </Image>
    <Image Include="res\fileview.bmp">
      <Filter>Resource Files</Filter>
    </Image>
    <Image Include="res\fileview_hc.bmp">
      <Filter>Resource Files</Filter>
    </Image>
    <Image Include="res\classview.bmp">
      <Filter>Resource Files</Filter>
    </Image>
    <Image Include="res\classview_hc.bmp">
      <Filter>Resource Files</Filter>
    </Image>
    <Image Include="res\explorer.bmp">
      <Filter>Resource Files</Filter>
    </Image>
    <Image Include="res\explorer_hc.bmp">
      <Filter>Resource Files</Filter>
    </Image>
    <Image Include="res\sort.bmp">
      <Filter>Resource Files</Filter>
    </Image>
    <Image Include="res\sort_hc.bmp">
      <Filter>Resource Files</Filter>
    </Image>
    <Image Include="res\menuimages.bmp">
      <Filter>Resource Files</Filter>
    </Image>
    <Image Include="res\menuimages_hc.bmp">
      <Filter>Resource Files</Filter>
    </Image>
    <Image Include="res\output_wnd.ico">
      <Filter>Resource Files</Filter>
    </Image>
    <Image Include="res\output_wnd_hc.ico">
      <Filter>Resource Files</Filter>
    </Image>
    <Image Include="res\properties_wnd.ico">
      <Filter>Resource Files</Filter>
    </Image>
    <Image Include="res\properties_wnd_hc.ico">
      <Filter>Resource Files</Filter>
    </Image>
    <Image Include="res\properties.bmp">
      <Filter>Resource Files</Filter>
    </Image>
    <Image Include="res\properties_hc.bmp">
      <Filter>Resource Files</Filter>
    </Image>
    <Image Include="res\nav_large.bmp">
      <Filter>Resource Files</Filter>
    </Image>
    <Image Include="res\nav_large_hc.bmp">
      <Filter>Resource Files</Filter>
    </Image>
    <Image Include="res\pages.bmp">
      <Filter>Resource Files</Filter>
    </Image>
    <Image Include="res\pages_hc.bmp">
      <Filter>Resource Files</Filter>
    </Image>
    <Image Include="res\pages_small.bmp">
      <Filter>Resource Files</Filter>
    </Image>
    <Image Include="res\pages_small_hc.bmp">
      <Filter>Resource Files</Filter>
    </Image>
    <Image Include="res\buttons.bmp">
      <Filter>Resource Files</Filter>
    </Image>
    <Image Include="res\filelarge.bmp">
      <Filter>Resource Files</Filter>
    </Image>
    <Image Include="res\filesmall.bmp">
      <Filter>Resource Files</Filter>
    </Image>
    <Image Include="res\main.bmp">
      <Filter>Resource Files</Filter>
    </Image>
    <Image Include="res\writelarge.bmp">
      <Filter>Resource Files</Filter>
    </Image>
    <Image Include="res\writesmall.bmp">
      <Filter>Resource Files</Filter>
    </Image>
    <Image Include="res\TiffEditDoc.ico">
      <Filter>Resource Files</Filter>
    </Image>
    <Image Include="res\TiffEdit.ico">
      <Filter>Resource Files</Filter>
    </Image>
    <Image Include="res\Toolbar.bmp">
      <Filter>Resource Files</Filter>
    </Image>
    <Image Include="res\Toolbar256.bmp">
      <Filter>Resource Files</Filter>
    </Image>
  </ItemGroup>
</Project>